// !$*UTF8*$!
{
	archiveVersion = 1;
	classes = {
	};
	objectVersion = 56;
	objects = {

/* Begin PBXBuildFile section */
		FCDFE85D2C2ADD2E00DECDD8 /* AppDelegate.swift in Sources */ = {isa = PBXBuildFile; fileRef = FCDFE85C2C2ADD2E00DECDD8 /* AppDelegate.swift */; };
		FCDFE85F2C2ADD2E00DECDD8 /* SceneDelegate.swift in Sources */ = {isa = PBXBuildFile; fileRef = FCDFE85E2C2ADD2E00DECDD8 /* SceneDelegate.swift */; };
		FCDFE8612C2ADD2E00DECDD8 /* ViewController.swift in Sources */ = {isa = PBXBuildFile; fileRef = FCDFE8602C2ADD2E00DECDD8 /* ViewController.swift */; };
		FCDFE8662C2ADD2F00DECDD8 /* Assets.xcassets in Resources */ = {isa = PBXBuildFile; fileRef = FCDFE8652C2ADD2F00DECDD8 /* Assets.xcassets */; };
		FCDFE8692C2ADD2F00DECDD8 /* LaunchScreen.storyboard in Resources */ = {isa = PBXBuildFile; fileRef = FCDFE8672C2ADD2F00DECDD8 /* LaunchScreen.storyboard */; };
		FCDFE8712C2AE51200DECDD8 /* SliderItem.swift in Sources */ = {isa = PBXBuildFile; fileRef = FCDFE8702C2AE51200DECDD8 /* SliderItem.swift */; };
		FCDFE8732C2AEAED00DECDD8 /* UIColor + Ext.swift in Sources */ = {isa = PBXBuildFile; fileRef = FCDFE8722C2AEAED00DECDD8 /* UIColor + Ext.swift */; };
		FCDFE8782C2AEF3600DECDD8 /* SliderCell.swift in Sources */ = {isa = PBXBuildFile; fileRef = FCDFE8772C2AEF3600DECDD8 /* SliderCell.swift */; };
/* End PBXBuildFile section */

/* Begin PBXFileReference section */
		FCDFE8592C2ADD2E00DECDD8 /* Custom PageControll.app */ = {isa = PBXFileReference; explicitFileType = wrapper.application; includeInIndex = 0; path = "Custom PageControll.app"; sourceTree = BUILT_PRODUCTS_DIR; };
		FCDFE85C2C2ADD2E00DECDD8 /* AppDelegate.swift */ = {isa = PBXFileReference; lastKnownFileType = sourcecode.swift; path = AppDelegate.swift; sourceTree = "<group>"; };
		FCDFE85E2C2ADD2E00DECDD8 /* SceneDelegate.swift */ = {isa = PBXFileReference; lastKnownFileType = sourcecode.swift; path = SceneDelegate.swift; sourceTree = "<group>"; };
		FCDFE8602C2ADD2E00DECDD8 /* ViewController.swift */ = {isa = PBXFileReference; lastKnownFileType = sourcecode.swift; path = ViewController.swift; sourceTree = "<group>"; };
		FCDFE8652C2ADD2F00DECDD8 /* Assets.xcassets */ = {isa = PBXFileReference; lastKnownFileType = folder.assetcatalog; path = Assets.xcassets; sourceTree = "<group>"; };
		FCDFE8682C2ADD2F00DECDD8 /* Base */ = {isa = PBXFileReference; lastKnownFileType = file.storyboard; name = Base; path = Base.lproj/LaunchScreen.storyboard; sourceTree = "<group>"; };
		FCDFE86A2C2ADD2F00DECDD8 /* Info.plist */ = {isa = PBXFileReference; lastKnownFileType = text.plist.xml; path = Info.plist; sourceTree = "<group>"; };
		FCDFE8702C2AE51200DECDD8 /* SliderItem.swift */ = {isa = PBXFileReference; lastKnownFileType = sourcecode.swift; path = SliderItem.swift; sourceTree = "<group>"; };
		FCDFE8722C2AEAED00DECDD8 /* UIColor + Ext.swift */ = {isa = PBXFileReference; lastKnownFileType = sourcecode.swift; path = "UIColor + Ext.swift"; sourceTree = "<group>"; };
		FCDFE8772C2AEF3600DECDD8 /* SliderCell.swift */ = {isa = PBXFileReference; lastKnownFileType = sourcecode.swift; path = SliderCell.swift; sourceTree = "<group>"; };
/* End PBXFileReference section */

/* Begin PBXFrameworksBuildPhase section */
		FCDFE8562C2ADD2E00DECDD8 /* Frameworks */ = {
			isa = PBXFrameworksBuildPhase;
			buildActionMask = 2147483647;
			files = (
			);
			runOnlyForDeploymentPostprocessing = 0;
		};
/* End PBXFrameworksBuildPhase section */

/* Begin PBXGroup section */
		FCDFE8502C2ADD2E00DECDD8 = {
			isa = PBXGroup;
			children = (
				FCDFE85B2C2ADD2E00DECDD8 /* Custom PageControll */,
				FCDFE85A2C2ADD2E00DECDD8 /* Products */,
			);
			sourceTree = "<group>";
		};
		FCDFE85A2C2ADD2E00DECDD8 /* Products */ = {
			isa = PBXGroup;
			children = (
				FCDFE8592C2ADD2E00DECDD8 /* Custom PageControll.app */,
			);
			name = Products;
			sourceTree = "<group>";
		};
		FCDFE85B2C2ADD2E00DECDD8 /* Custom PageControll */ = {
			isa = PBXGroup;
			children = (
				FCDFE8762C2AEDC200DECDD8 /* App */,
				FCDFE8742C2AED9200DECDD8 /* Model */,
				FCDFE8602C2ADD2E00DECDD8 /* ViewController.swift */,
				FCDFE8772C2AEF3600DECDD8 /* SliderCell.swift */,
				FCDFE8752C2AED9D00DECDD8 /* Utility */,
				FCDFE8652C2ADD2F00DECDD8 /* Assets.xcassets */,
				FCDFE8672C2ADD2F00DECDD8 /* LaunchScreen.storyboard */,
				FCDFE86A2C2ADD2F00DECDD8 /* Info.plist */,
			);
			path = "Custom PageControll";
			sourceTree = "<group>";
		};
		FCDFE8742C2AED9200DECDD8 /* Model */ = {
			isa = PBXGroup;
			children = (
				FCDFE8702C2AE51200DECDD8 /* SliderItem.swift */,
			);
			path = Model;
			sourceTree = "<group>";
		};
		FCDFE8752C2AED9D00DECDD8 /* Utility */ = {
			isa = PBXGroup;
			children = (
				FCDFE8722C2AEAED00DECDD8 /* UIColor + Ext.swift */,
			);
			path = Utility;
			sourceTree = "<group>";
		};
		FCDFE8762C2AEDC200DECDD8 /* App */ = {
			isa = PBXGroup;
			children = (
				FCDFE85C2C2ADD2E00DECDD8 /* AppDelegate.swift */,
				FCDFE85E2C2ADD2E00DECDD8 /* SceneDelegate.swift */,
			);
			path = App;
			sourceTree = "<group>";
		};
/* End PBXGroup section */

/* Begin PBXNativeTarget section */
		FCDFE8582C2ADD2E00DECDD8 /* Custom PageControll */ = {
			isa = PBXNativeTarget;
			buildConfigurationList = FCDFE86D2C2ADD2F00DECDD8 /* Build configuration list for PBXNativeTarget "Custom PageControll" */;
			buildPhases = (
				FCDFE8552C2ADD2E00DECDD8 /* Sources */,
				FCDFE8562C2ADD2E00DECDD8 /* Frameworks */,
				FCDFE8572C2ADD2E00DECDD8 /* Resources */,
			);
			buildRules = (
			);
			dependencies = (
			);
			name = "Custom PageControll";
			productName = "Custom PageControll";
			productReference = FCDFE8592C2ADD2E00DECDD8 /* Custom PageControll.app */;
			productType = "com.apple.product-type.application";
		};
/* End PBXNativeTarget section */

/* Begin PBXProject section */
		FCDFE8512C2ADD2E00DECDD8 /* Project object */ = {
			isa = PBXProject;
			attributes = {
				BuildIndependentTargetsInParallel = 1;
				LastSwiftUpdateCheck = 1500;
				LastUpgradeCheck = 1500;
				TargetAttributes = {
					FCDFE8582C2ADD2E00DECDD8 = {
						CreatedOnToolsVersion = 15.0.1;
					};
				};
			};
			buildConfigurationList = FCDFE8542C2ADD2E00DECDD8 /* Build configuration list for PBXProject "Custom PageControll" */;
			compatibilityVersion = "Xcode 14.0";
			developmentRegion = en;
			hasScannedForEncodings = 0;
			knownRegions = (
				en,
				Base,
			);
			mainGroup = FCDFE8502C2ADD2E00DECDD8;
			productRefGroup = FCDFE85A2C2ADD2E00DECDD8 /* Products */;
			projectDirPath = "";
			projectRoot = "";
			targets = (
				FCDFE8582C2ADD2E00DECDD8 /* Custom PageControll */,
			);
		};
/* End PBXProject section */

/* Begin PBXResourcesBuildPhase section */
		FCDFE8572C2ADD2E00DECDD8 /* Resources */ = {
			isa = PBXResourcesBuildPhase;
			buildActionMask = 2147483647;
			files = (
				FCDFE8692C2ADD2F00DECDD8 /* LaunchScreen.storyboard in Resources */,
				FCDFE8662C2ADD2F00DECDD8 /* Assets.xcassets in Resources */,
			);
			runOnlyForDeploymentPostprocessing = 0;
		};
/* End PBXResourcesBuildPhase section */

/* Begin PBXSourcesBuildPhase section */
		FCDFE8552C2ADD2E00DECDD8 /* Sources */ = {
			isa = PBXSourcesBuildPhase;
			buildActionMask = 2147483647;
			files = (
				FCDFE8612C2ADD2E00DECDD8 /* ViewController.swift in Sources */,
				FCDFE8712C2AE51200DECDD8 /* SliderItem.swift in Sources */,
				FCDFE8732C2AEAED00DECDD8 /* UIColor + Ext.swift in Sources */,
				FCDFE85D2C2ADD2E00DECDD8 /* AppDelegate.swift in Sources */,
				FCDFE8782C2AEF3600DECDD8 /* SliderCell.swift in Sources */,
				FCDFE85F2C2ADD2E00DECDD8 /* SceneDelegate.swift in Sources */,
			);
			runOnlyForDeploymentPostprocessing = 0;
		};
/* End PBXSourcesBuildPhase section */

/* Begin PBXVariantGroup section */
		FCDFE8672C2ADD2F00DECDD8 /* LaunchScreen.storyboard */ = {
			isa = PBXVariantGroup;
			children = (
				FCDFE8682C2ADD2F00DECDD8 /* Base */,
			);
			name = LaunchScreen.storyboard;
			sourceTree = "<group>";
		};
/* End PBXVariantGroup section */

/* Begin XCBuildConfiguration section */
		FCDFE86B2C2ADD2F00DECDD8 /* Debug */ = {
			isa = XCBuildConfiguration;
			buildSettings = {
				ALWAYS_SEARCH_USER_PATHS = NO;
				ASSETCATALOG_COMPILER_GENERATE_SWIFT_ASSET_SYMBOL_EXTENSIONS = YES;
				CLANG_ANALYZER_NONNULL = YES;
				CLANG_ANALYZER_NUMBER_OBJECT_CONVERSION = YES_AGGRESSIVE;
				CLANG_CXX_LANGUAGE_STANDARD = "gnu++20";
				CLANG_ENABLE_MODULES = YES;
				CLANG_ENABLE_OBJC_ARC = YES;
				CLANG_ENABLE_OBJC_WEAK = YES;
				CLANG_WARN_BLOCK_CAPTURE_AUTORELEASING = YES;
				CLANG_WARN_BOOL_CONVERSION = YES;
				CLANG_WARN_COMMA = YES;
				CLANG_WARN_CONSTANT_CONVERSION = YES;
				CLANG_WARN_DEPRECATED_OBJC_IMPLEMENTATIONS = YES;
				CLANG_WARN_DIRECT_OBJC_ISA_USAGE = YES_ERROR;
				CLANG_WARN_DOCUMENTATION_COMMENTS = YES;
				CLANG_WARN_EMPTY_BODY = YES;
				CLANG_WARN_ENUM_CONVERSION = YES;
				CLANG_WARN_INFINITE_RECURSION = YES;
				CLANG_WARN_INT_CONVERSION = YES;
				CLANG_WARN_NON_LITERAL_NULL_CONVERSION = YES;
				CLANG_WARN_OBJC_IMPLICIT_RETAIN_SELF = YES;
				CLANG_WARN_OBJC_LITERAL_CONVERSION = YES;
				CLANG_WARN_OBJC_ROOT_CLASS = YES_ERROR;
				CLANG_WARN_QUOTED_INCLUDE_IN_FRAMEWORK_HEADER = YES;
				CLANG_WARN_RANGE_LOOP_ANALYSIS = YES;
				CLANG_WARN_STRICT_PROTOTYPES = YES;
				CLANG_WARN_SUSPICIOUS_MOVE = YES;
				CLANG_WARN_UNGUARDED_AVAILABILITY = YES_AGGRESSIVE;
				CLANG_WARN_UNREACHABLE_CODE = YES;
				CLANG_WARN__DUPLICATE_METHOD_MATCH = YES;
				COPY_PHASE_STRIP = NO;
				DEBUG_INFORMATION_FORMAT = dwarf;
				ENABLE_STRICT_OBJC_MSGSEND = YES;
				ENABLE_TESTABILITY = YES;
				ENABLE_USER_SCRIPT_SANDBOXING = YES;
				GCC_C_LANGUAGE_STANDARD = gnu17;
				GCC_DYNAMIC_NO_PIC = NO;
				GCC_NO_COMMON_BLOCKS = YES;
				GCC_OPTIMIZATION_LEVEL = 0;
				GCC_PREPROCESSOR_DEFINITIONS = (
					"DEBUG=1",
					"$(inherited)",
				);
				GCC_WARN_64_TO_32_BIT_CONVERSION = YES;
				GCC_WARN_ABOUT_RETURN_TYPE = YES_ERROR;
				GCC_WARN_UNDECLARED_SELECTOR = YES;
				GCC_WARN_UNINITIALIZED_AUTOS = YES_AGGRESSIVE;
				GCC_WARN_UNUSED_FUNCTION = YES;
				GCC_WARN_UNUSED_VARIABLE = YES;
				IPHONEOS_DEPLOYMENT_TARGET = 17.0;
				LOCALIZATION_PREFERS_STRING_CATALOGS = YES;
				MTL_ENABLE_DEBUG_INFO = INCLUDE_SOURCE;
				MTL_FAST_MATH = YES;
				ONLY_ACTIVE_ARCH = YES;
				SDKROOT = iphoneos;
				SWIFT_ACTIVE_COMPILATION_CONDITIONS = "DEBUG $(inherited)";
				SWIFT_OPTIMIZATION_LEVEL = "-Onone";
			};
			name = Debug;
		};
		FCDFE86C2C2ADD2F00DECDD8 /* Release */ = {
			isa = XCBuildConfiguration;
			buildSettings = {
				ALWAYS_SEARCH_USER_PATHS = NO;
				ASSETCATALOG_COMPILER_GENERATE_SWIFT_ASSET_SYMBOL_EXTENSIONS = YES;
				CLANG_ANALYZER_NONNULL = YES;
				CLANG_ANALYZER_NUMBER_OBJECT_CONVERSION = YES_AGGRESSIVE;
				CLANG_CXX_LANGUAGE_STANDARD = "gnu++20";
				CLANG_ENABLE_MODULES = YES;
				CLANG_ENABLE_OBJC_ARC = YES;
				CLANG_ENABLE_OBJC_WEAK = YES;
				CLANG_WARN_BLOCK_CAPTURE_AUTORELEASING = YES;
				CLANG_WARN_BOOL_CONVERSION = YES;
				CLANG_WARN_COMMA = YES;
				CLANG_WARN_CONSTANT_CONVERSION = YES;
				CLANG_WARN_DEPRECATED_OBJC_IMPLEMENTATIONS = YES;
				CLANG_WARN_DIRECT_OBJC_ISA_USAGE = YES_ERROR;
				CLANG_WARN_DOCUMENTATION_COMMENTS = YES;
				CLANG_WARN_EMPTY_BODY = YES;
				CLANG_WARN_ENUM_CONVERSION = YES;
				CLANG_WARN_INFINITE_RECURSION = YES;
				CLANG_WARN_INT_CONVERSION = YES;
				CLANG_WARN_NON_LITERAL_NULL_CONVERSION = YES;
				CLANG_WARN_OBJC_IMPLICIT_RETAIN_SELF = YES;
				CLANG_WARN_OBJC_LITERAL_CONVERSION = YES;
				CLANG_WARN_OBJC_ROOT_CLASS = YES_ERROR;
				CLANG_WARN_QUOTED_INCLUDE_IN_FRAMEWORK_HEADER = YES;
				CLANG_WARN_RANGE_LOOP_ANALYSIS = YES;
				CLANG_WARN_STRICT_PROTOTYPES = YES;
				CLANG_WARN_SUSPICIOUS_MOVE = YES;
				CLANG_WARN_UNGUARDED_AVAILABILITY = YES_AGGRESSIVE;
				CLANG_WARN_UNREACHABLE_CODE = YES;
				CLANG_WARN__DUPLICATE_METHOD_MATCH = YES;
				COPY_PHASE_STRIP = NO;
				DEBUG_INFORMATION_FORMAT = "dwarf-with-dsym";
				ENABLE_NS_ASSERTIONS = NO;
				ENABLE_STRICT_OBJC_MSGSEND = YES;
				ENABLE_USER_SCRIPT_SANDBOXING = YES;
				GCC_C_LANGUAGE_STANDARD = gnu17;
				GCC_NO_COMMON_BLOCKS = YES;
				GCC_WARN_64_TO_32_BIT_CONVERSION = YES;
				GCC_WARN_ABOUT_RETURN_TYPE = YES_ERROR;
				GCC_WARN_UNDECLARED_SELECTOR = YES;
				GCC_WARN_UNINITIALIZED_AUTOS = YES_AGGRESSIVE;
				GCC_WARN_UNUSED_FUNCTION = YES;
				GCC_WARN_UNUSED_VARIABLE = YES;
				IPHONEOS_DEPLOYMENT_TARGET = 17.0;
				LOCALIZATION_PREFERS_STRING_CATALOGS = YES;
				MTL_ENABLE_DEBUG_INFO = NO;
				MTL_FAST_MATH = YES;
				SDKROOT = iphoneos;
				SWIFT_COMPILATION_MODE = wholemodule;
				VALIDATE_PRODUCT = YES;
			};
			name = Release;
		};
		FCDFE86E2C2ADD2F00DECDD8 /* Debug */ = {
			isa = XCBuildConfiguration;
			buildSettings = {
				ASSETCATALOG_COMPILER_APPICON_NAME = AppIcon;
				ASSETCATALOG_COMPILER_GLOBAL_ACCENT_COLOR_NAME = AccentColor;
				CODE_SIGN_STYLE = Automatic;
				CURRENT_PROJECT_VERSION = 1;
				DEVELOPMENT_TEAM = 527U829H6E;
				GENERATE_INFOPLIST_FILE = YES;
				INFOPLIST_FILE = "Custom PageControll/Info.plist";
				INFOPLIST_KEY_UIApplicationSupportsIndirectInputEvents = YES;
				INFOPLIST_KEY_UILaunchStoryboardName = LaunchScreen;
				INFOPLIST_KEY_UISupportedInterfaceOrientations = UIInterfaceOrientationPortrait;
				INFOPLIST_KEY_UISupportedInterfaceOrientations_iPad = "UIInterfaceOrientationLandscapeLeft UIInterfaceOrientationLandscapeRight UIInterfaceOrientationPortrait UIInterfaceOrientationPortraitUpsideDown";
				LD_RUNPATH_SEARCH_PATHS = (
					"$(inherited)",
					"@executable_path/Frameworks",
				);
				MARKETING_VERSION = 1.0;
				PRODUCT_BUNDLE_IDENTIFIER = "AlexKolch.Custom-PageControll";
				PRODUCT_NAME = "$(TARGET_NAME)";
				SUPPORTED_PLATFORMS = "iphoneos iphonesimulator";
				SUPPORTS_MACCATALYST = NO;
				SUPPORTS_MAC_DESIGNED_FOR_IPHONE_IPAD = NO;
				SWIFT_EMIT_LOC_STRINGS = YES;
				SWIFT_VERSION = 5.0;
				TARGETED_DEVICE_FAMILY = 1;
			};
			name = Debug;
		};
		FCDFE86F2C2ADD2F00DECDD8 /* Release */ = {
			isa = XCBuildConfiguration;
			buildSettings = {
				ASSETCATALOG_COMPILER_APPICON_NAME = AppIcon;
				ASSETCATALOG_COMPILER_GLOBAL_ACCENT_COLOR_NAME = AccentColor;
				CODE_SIGN_STYLE = Automatic;
				CURRENT_PROJECT_VERSION = 1;
				DEVELOPMENT_TEAM = 527U829H6E;
				GENERATE_INFOPLIST_FILE = YES;
				INFOPLIST_FILE = "Custom PageControll/Info.plist";
				INFOPLIST_KEY_UIApplicationSupportsIndirectInputEvents = YES;
				INFOPLIST_KEY_UILaunchStoryboardName = LaunchScreen;
				INFOPLIST_KEY_UISupportedInterfaceOrientations = UIInterfaceOrientationPortrait;
				INFOPLIST_KEY_UISupportedInterfaceOrientations_iPad = "UIInterfaceOrientationLandscapeLeft UIInterfaceOrientationLandscapeRight UIInterfaceOrientationPortrait UIInterfaceOrientationPortraitUpsideDown";
				LD_RUNPATH_SEARCH_PATHS = (
					"$(inherited)",
					"@executable_path/Frameworks",
				);
				MARKETING_VERSION = 1.0;
				PRODUCT_BUNDLE_IDENTIFIER = "AlexKolch.Custom-PageControll";
				PRODUCT_NAME = "$(TARGET_NAME)";
				SUPPORTED_PLATFORMS = "iphoneos iphonesimulator";
				SUPPORTS_MACCATALYST = NO;
				SUPPORTS_MAC_DESIGNED_FOR_IPHONE_IPAD = NO;
				SWIFT_EMIT_LOC_STRINGS = YES;
				SWIFT_VERSION = 5.0;
				TARGETED_DEVICE_FAMILY = 1;
			};
			name = Release;
		};
/* End XCBuildConfiguration section */

/* Begin XCConfigurationList section */
		FCDFE8542C2ADD2E00DECDD8 /* Build configuration list for PBXProject "Custom PageControll" */ = {
			isa = XCConfigurationList;
			buildConfigurations = (
				FCDFE86B2C2ADD2F00DECDD8 /* Debug */,
				FCDFE86C2C2ADD2F00DECDD8 /* Release */,
			);
			defaultConfigurationIsVisible = 0;
			defaultConfigurationName = Release;
		};
		FCDFE86D2C2ADD2F00DECDD8 /* Build configuration list for PBXNativeTarget "Custom PageControll" */ = {
			isa = XCConfigurationList;
			buildConfigurations = (
				FCDFE86E2C2ADD2F00DECDD8 /* Debug */,
				FCDFE86F2C2ADD2F00DECDD8 /* Release */,
			);
			defaultConfigurationIsVisible = 0;
			defaultConfigurationName = Release;
		};
/* End XCConfigurationList section */
	};
	rootObject = FCDFE8512C2ADD2E00DECDD8 /* Project object */;
}
